
Microsoft Visual Studio Solution File, Format Version 12.00
# Visual Studio 14
VisualStudioVersion = 14.0.25420.1
MinimumVisualStudioVersion = 10.0.40219.1
Project("{159641D6-6404-4A2A-AE62-294DE0FE8301}") = "ASCEND_RTV2", "ASCEND_RTV2\ASCEND_RTV2.dtproj", "{52439928-FC1A-41E2-B0ED-B219E1DA5D5A}"
EndProject
Global
	GlobalSection(SolutionConfigurationPlatforms) = preSolution
		Development|Default = Development|Default
	EndGlobalSection
	GlobalSection(ProjectConfigurationPlatforms) = postSolution
		{52439928-FC1A-41E2-B0ED-B219E1DA5D5A}.Development|Default.ActiveCfg = Development
		{52439928-FC1A-41E2-B0ED-B219E1DA5D5A}.Development|Default.Build.0 = Development
	EndGlobalSection
	GlobalSection(SolutionProperties) = preSolution
		HideSolutionNode = FALSE
	EndGlobalSection
EndGlobal
